
Microsoft Visual Studio Solution File, Format Version 12.00
# Visual Studio Version 17
VisualStudioVersion = 17.10.35013.160
MinimumVisualStudioVersion = 10.0.40219.1
Project("{FAE04EC0-301F-11D3-BF4B-00C04F79EFBC}") = "InheritanceDemo", "InheritanceDemo\InheritanceDemo.csproj", "{F988694E-C070-4923-AE1A-08FEB575871E}"
EndProject
Project("{FAE04EC0-301F-11D3-BF4B-00C04F79EFBC}") = "MethodOverridingDemo", "MethodOverridingDemo\MethodOverridingDemo.csproj", "{AEDADEEF-BEF5-491B-B4AC-995AB01D26C2}"
EndProject
Project("{FAE04EC0-301F-11D3-BF4B-00C04F79EFBC}") = "MultilevelInheritanceDemo", "MultilevelInheritanceDemo\MultilevelInheritanceDemo.csproj", "{B29B89FB-4E79-480E-8E93-440FB221B545}"
EndProject
Project("{FAE04EC0-301F-11D3-BF4B-00C04F79EFBC}") = "AbstractClassInterfaceDemo", "AbstractClassInterfaceDemo\AbstractClassInterfaceDemo.csproj", "{ACCBF1E7-C841-4992-8D53-9741F65A69F5}"
EndProject
Global
	GlobalSection(SolutionConfigurationPlatforms) = preSolution
		Debug|Any CPU = Debug|Any CPU
		Release|Any CPU = Release|Any CPU
	EndGlobalSection
	GlobalSection(ProjectConfigurationPlatforms) = postSolution
		{F988694E-C070-4923-AE1A-08FEB575871E}.Debug|Any CPU.ActiveCfg = Debug|Any CPU
		{F988694E-C070-4923-AE1A-08FEB575871E}.Debug|Any CPU.Build.0 = Debug|Any CPU
		{F988694E-C070-4923-AE1A-08FEB575871E}.Release|Any CPU.ActiveCfg = Release|Any CPU
		{F988694E-C070-4923-AE1A-08FEB575871E}.Release|Any CPU.Build.0 = Release|Any CPU
		{AEDADEEF-BEF5-491B-B4AC-995AB01D26C2}.Debug|Any CPU.ActiveCfg = Debug|Any CPU
		{AEDADEEF-BEF5-491B-B4AC-995AB01D26C2}.Debug|Any CPU.Build.0 = Debug|Any CPU
		{AEDADEEF-BEF5-491B-B4AC-995AB01D26C2}.Release|Any CPU.ActiveCfg = Release|Any CPU
		{AEDADEEF-BEF5-491B-B4AC-995AB01D26C2}.Release|Any CPU.Build.0 = Release|Any CPU
		{B29B89FB-4E79-480E-8E93-440FB221B545}.Debug|Any CPU.ActiveCfg = Debug|Any CPU
		{B29B89FB-4E79-480E-8E93-440FB221B545}.Debug|Any CPU.Build.0 = Debug|Any CPU
		{B29B89FB-4E79-480E-8E93-440FB221B545}.Release|Any CPU.ActiveCfg = Release|Any CPU
		{B29B89FB-4E79-480E-8E93-440FB221B545}.Release|Any CPU.Build.0 = Release|Any CPU
		{ACCBF1E7-C841-4992-8D53-9741F65A69F5}.Debug|Any CPU.ActiveCfg = Debug|Any CPU
		{ACCBF1E7-C841-4992-8D53-9741F65A69F5}.Debug|Any CPU.Build.0 = Debug|Any CPU
		{ACCBF1E7-C841-4992-8D53-9741F65A69F5}.Release|Any CPU.ActiveCfg = Release|Any CPU
		{ACCBF1E7-C841-4992-8D53-9741F65A69F5}.Release|Any CPU.Build.0 = Release|Any CPU
	EndGlobalSection
	GlobalSection(SolutionProperties) = preSolution
		HideSolutionNode = FALSE
	EndGlobalSection
	GlobalSection(ExtensibilityGlobals) = postSolution
		SolutionGuid = {87FD07A7-249A-410D-878F-318B2F4CDF3E}
	EndGlobalSection
EndGlobal
